{
  "name": "vigilant-fortnight-remix",
  "lockfileVersion": 2,
  "requires": true,
  "packages": {
    "": {
      "dependencies": {
        "remix": "^1.15.0"
      }
    },
    "node_modules/remix": {
      "version": "1.15.0",
      "resolved": "https://registry.npmjs.org/remix/-/remix-1.15.0.tgz",
      "integrity": "sha512-Kn7PEa+nGkyHwiD8M6BFHLq4w//LTJnAfa1cjRLEXmDT6V5wFQoeVPrDFKqIomcFcKTKX7j5/hEnrn1dmf1BtA==",
      "engines": {
        "node": ">=14"
      }
    }
  },
  "dependencies": {
    "remix": {
      "version": "1.15.0",
      "resolved": "https://registry.npmjs.org/remix/-/remix-1.15.0.tgz",
      "integrity": "sha512-Kn7PEa+nGkyHwiD8M6BFHLq4w//LTJnAfa1cjRLEXmDT6V5wFQoeVPrDFKqIomcFcKTKX7j5/hEnrn1dmf1BtA=="
    }
  }
}
